
Microsoft Visual Studio Solution File, Format Version 12.00
# Visual Studio Version 17
VisualStudioVersion = 17.3.32929.385
MinimumVisualStudioVersion = 10.0.40219.1
Project("{FAE04EC0-301F-11D3-BF4B-00C04F79EFBC}") = "Enums_Usage", "Enums_Usage\Enums_Usage.csproj", "{34B50AEE-069E-42D3-BADD-08B735AB2C5E}"
EndProject
Global
	GlobalSection(SolutionConfigurationPlatforms) = preSolution
		Debug|Any CPU = Debug|Any CPU
		Release|Any CPU = Release|Any CPU
	EndGlobalSection
	GlobalSection(ProjectConfigurationPlatforms) = postSolution
		{34B50AEE-069E-42D3-BADD-08B735AB2C5E}.Debug|Any CPU.ActiveCfg = Debug|Any CPU
		{34B50AEE-069E-42D3-BADD-08B735AB2C5E}.Debug|Any CPU.Build.0 = Debug|Any CPU
		{34B50AEE-069E-42D3-BADD-08B735AB2C5E}.Release|Any CPU.ActiveCfg = Release|Any CPU
		{34B50AEE-069E-42D3-BADD-08B735AB2C5E}.Release|Any CPU.Build.0 = Release|Any CPU
	EndGlobalSection
	GlobalSection(SolutionProperties) = preSolution
		HideSolutionNode = FALSE
	EndGlobalSection
	GlobalSection(ExtensibilityGlobals) = postSolution
		SolutionGuid = {7443FD1F-0E03-477A-BE50-112A3E19D2F6}
	EndGlobalSection
EndGlobal
