
Microsoft Visual Studio Solution File, Format Version 12.00
# Visual Studio Version 17
VisualStudioVersion = 17.3.32929.385
MinimumVisualStudioVersion = 10.0.40219.1
Project("{FAE04EC0-301F-11D3-BF4B-00C04F79EFBC}") = "Substring", "Substring\Substring.csproj", "{872B7460-AF20-443A-A7B4-DBA479C98251}"
EndProject
Global
	GlobalSection(SolutionConfigurationPlatforms) = preSolution
		Debug|Any CPU = Debug|Any CPU
		Release|Any CPU = Release|Any CPU
	EndGlobalSection
	GlobalSection(ProjectConfigurationPlatforms) = postSolution
		{872B7460-AF20-443A-A7B4-DBA479C98251}.Debug|Any CPU.ActiveCfg = Debug|Any CPU
		{872B7460-AF20-443A-A7B4-DBA479C98251}.Debug|Any CPU.Build.0 = Debug|Any CPU
		{872B7460-AF20-443A-A7B4-DBA479C98251}.Release|Any CPU.ActiveCfg = Release|Any CPU
		{872B7460-AF20-443A-A7B4-DBA479C98251}.Release|Any CPU.Build.0 = Release|Any CPU
	EndGlobalSection
	GlobalSection(SolutionProperties) = preSolution
		HideSolutionNode = FALSE
	EndGlobalSection
	GlobalSection(ExtensibilityGlobals) = postSolution
		SolutionGuid = {DFEB7315-91BF-4FC1-80C3-90EA5FBE66C9}
	EndGlobalSection
EndGlobal
